
Microsoft Visual Studio Solution File, Format Version 12.00
# Visual Studio 2012
Project("{FAE04EC0-301F-11D3-BF4B-00C04F79EFBC}") = "FirstUnitTests", "src\FirstUnitTests\FirstUnitTests.csproj", "{447F0295-8C47-4065-9020-F667D85105D9}"
EndProject
Project("{FAE04EC0-301F-11D3-BF4B-00C04F79EFBC}") = "MockExamples", "src\MockExamples\MockExamples.csproj", "{C590CEA1-B392-4246-8C74-B7035E9DB271}"
EndProject
Global
	GlobalSection(SolutionConfigurationPlatforms) = preSolution
		Debug|Any CPU = Debug|Any CPU
		Release|Any CPU = Release|Any CPU
	EndGlobalSection
	GlobalSection(ProjectConfigurationPlatforms) = postSolution
		{447F0295-8C47-4065-9020-F667D85105D9}.Debug|Any CPU.ActiveCfg = Debug|Any CPU
		{447F0295-8C47-4065-9020-F667D85105D9}.Debug|Any CPU.Build.0 = Debug|Any CPU
		{447F0295-8C47-4065-9020-F667D85105D9}.Release|Any CPU.ActiveCfg = Release|Any CPU
		{447F0295-8C47-4065-9020-F667D85105D9}.Release|Any CPU.Build.0 = Release|Any CPU
		{C590CEA1-B392-4246-8C74-B7035E9DB271}.Debug|Any CPU.ActiveCfg = Debug|Any CPU
		{C590CEA1-B392-4246-8C74-B7035E9DB271}.Debug|Any CPU.Build.0 = Debug|Any CPU
		{C590CEA1-B392-4246-8C74-B7035E9DB271}.Release|Any CPU.ActiveCfg = Release|Any CPU
		{C590CEA1-B392-4246-8C74-B7035E9DB271}.Release|Any CPU.Build.0 = Release|Any CPU
	EndGlobalSection
	GlobalSection(SolutionProperties) = preSolution
		HideSolutionNode = FALSE
	EndGlobalSection
EndGlobal
